# This file was autogenerated by uv via the following command:
#    uv pip compile requirements.txt --universal --python-version 3.10 -o requirements.lock
certifi==2026.7.22
    # via requests
cffi==2.1.1
    # via sounddevice
charset-normalizer==3.5.1
    # via requests
evdev==1.9.3 ; python_full_version < '3.11' and 'linux' in sys_platform
    # via pynput
evdev==2.0.0 ; python_full_version >= '3.11' and 'linux' in sys_platform
    # via pynput
idna==3.19
    # via requests
mss==10.2.0
    # via -r requirements.txt
numpy==2.2.6 ; python_full_version < '3.11'
    # via
    #   -r requirements.txt
    #   opencv-python
numpy==2.4.6 ; python_full_version == '3.11.*'
    # via
    #   -r requirements.txt
    #   opencv-python
numpy==2.5.3 ; python_full_version >= '3.12'
    # via
    #   -r requirements.txt
    #   opencv-python
opencv-python==5.0.0.93
    # via -r requirements.txt
pycparser==3.0 ; implementation_name != 'PyPy'
    # via cffi
pynput==1.8.2
    # via -r requirements.txt
pyobjc-core==12.2.2 ; sys_platform == 'darwin'
    # via
    #   pyobjc-framework-applicationservices
    #   pyobjc-framework-cocoa
    #   pyobjc-framework-coretext
    #   pyobjc-framework-quartz
pyobjc-framework-applicationservices==12.2.2 ; sys_platform == 'darwin'
    # via pynput
pyobjc-framework-cocoa==12.2.2 ; sys_platform == 'darwin'
    # via
    #   pyobjc-framework-applicationservices
    #   pyobjc-framework-coretext
    #   pyobjc-framework-quartz
pyobjc-framework-coretext==12.2.2 ; sys_platform == 'darwin'
    # via pyobjc-framework-applicationservices
pyobjc-framework-quartz==12.2.2 ; sys_platform == 'darwin'
    # via
    #   pynput
    #   pyobjc-framework-applicationservices
    #   pyobjc-framework-coretext
python-xlib==0.33 ; 'linux' in sys_platform or sys_platform == 'linux'
    # via
    #   -r requirements.txt
    #   pynput
requests==2.34.2
    # via -r requirements.txt
six==1.17.0
    # via
    #   pynput
    #   python-xlib
sounddevice==0.5.6
    # via -r requirements.txt
urllib3==2.8.0
    # via requests
